
Microsoft Visual Studio Solution File, Format Version 12.00
# Visual Studio 15
VisualStudioVersion = 15.0.26730.16
MinimumVisualStudioVersion = 10.0.40219.1
Project("{FAE04EC0-301F-11D3-BF4B-00C04F79EFBC}") = "P01.MaxSequenceOfEqualElements", "P01.MaxSequenceOfEqualElements\P01.MaxSequenceOfEqualElements.csproj", "{D7F5832A-B564-4642-8C3D-C9F464B4DB1E}"
EndProject
Project("{FAE04EC0-301F-11D3-BF4B-00C04F79EFBC}") = "P02.ChangeList", "P02.ChangeList\P02.ChangeList.csproj", "{1960BAE0-2909-44F6-967A-7F9E4D42F84C}"
EndProject
Project("{FAE04EC0-301F-11D3-BF4B-00C04F79EFBC}") = "P03.SearchForANumber", "P03.SearchForANumber\P03.SearchForANumber.csproj", "{D8BF71EA-0E03-4E34-917A-B457F6FBC1E8}"
EndProject
Project("{FAE04EC0-301F-11D3-BF4B-00C04F79EFBC}") = "P06.SumReversedNumbers", "P06.SumReversedNumbers\P06.SumReversedNumbers.csproj", "{B8D90115-7141-4591-8FFB-B8345EC709AF}"
EndProject
Project("{FAE04EC0-301F-11D3-BF4B-00C04F79EFBC}") = "P06.SumReversedNumbersVar2", "P06.SumReversedNumbersVar2\P06.SumReversedNumbersVar2.csproj", "{DB22E8DB-F257-46A7-B636-658AA8B5A8B6}"
EndProject
Project("{FAE04EC0-301F-11D3-BF4B-00C04F79EFBC}") = "P07.BombNumbers", "P07.BombNumbers\P07.BombNumbers.csproj", "{F727B283-F532-468A-AAC9-A9CE3D59C6AC}"
EndProject
Global
	GlobalSection(SolutionConfigurationPlatforms) = preSolution
		Debug|Any CPU = Debug|Any CPU
		Release|Any CPU = Release|Any CPU
	EndGlobalSection
	GlobalSection(ProjectConfigurationPlatforms) = postSolution
		{D7F5832A-B564-4642-8C3D-C9F464B4DB1E}.Debug|Any CPU.ActiveCfg = Debug|Any CPU
		{D7F5832A-B564-4642-8C3D-C9F464B4DB1E}.Debug|Any CPU.Build.0 = Debug|Any CPU
		{D7F5832A-B564-4642-8C3D-C9F464B4DB1E}.Release|Any CPU.ActiveCfg = Release|Any CPU
		{D7F5832A-B564-4642-8C3D-C9F464B4DB1E}.Release|Any CPU.Build.0 = Release|Any CPU
		{1960BAE0-2909-44F6-967A-7F9E4D42F84C}.Debug|Any CPU.ActiveCfg = Debug|Any CPU
		{1960BAE0-2909-44F6-967A-7F9E4D42F84C}.Debug|Any CPU.Build.0 = Debug|Any CPU
		{1960BAE0-2909-44F6-967A-7F9E4D42F84C}.Release|Any CPU.ActiveCfg = Release|Any CPU
		{1960BAE0-2909-44F6-967A-7F9E4D42F84C}.Release|Any CPU.Build.0 = Release|Any CPU
		{D8BF71EA-0E03-4E34-917A-B457F6FBC1E8}.Debug|Any CPU.ActiveCfg = Debug|Any CPU
		{D8BF71EA-0E03-4E34-917A-B457F6FBC1E8}.Debug|Any CPU.Build.0 = Debug|Any CPU
		{D8BF71EA-0E03-4E34-917A-B457F6FBC1E8}.Release|Any CPU.ActiveCfg = Release|Any CPU
		{D8BF71EA-0E03-4E34-917A-B457F6FBC1E8}.Release|Any CPU.Build.0 = Release|Any CPU
		{B8D90115-7141-4591-8FFB-B8345EC709AF}.Debug|Any CPU.ActiveCfg = Debug|Any CPU
		{B8D90115-7141-4591-8FFB-B8345EC709AF}.Debug|Any CPU.Build.0 = Debug|Any CPU
		{B8D90115-7141-4591-8FFB-B8345EC709AF}.Release|Any CPU.ActiveCfg = Release|Any CPU
		{B8D90115-7141-4591-8FFB-B8345EC709AF}.Release|Any CPU.Build.0 = Release|Any CPU
		{DB22E8DB-F257-46A7-B636-658AA8B5A8B6}.Debug|Any CPU.ActiveCfg = Debug|Any CPU
		{DB22E8DB-F257-46A7-B636-658AA8B5A8B6}.Debug|Any CPU.Build.0 = Debug|Any CPU
		{DB22E8DB-F257-46A7-B636-658AA8B5A8B6}.Release|Any CPU.ActiveCfg = Release|Any CPU
		{DB22E8DB-F257-46A7-B636-658AA8B5A8B6}.Release|Any CPU.Build.0 = Release|Any CPU
		{F727B283-F532-468A-AAC9-A9CE3D59C6AC}.Debug|Any CPU.ActiveCfg = Debug|Any CPU
		{F727B283-F532-468A-AAC9-A9CE3D59C6AC}.Debug|Any CPU.Build.0 = Debug|Any CPU
		{F727B283-F532-468A-AAC9-A9CE3D59C6AC}.Release|Any CPU.ActiveCfg = Release|Any CPU
		{F727B283-F532-468A-AAC9-A9CE3D59C6AC}.Release|Any CPU.Build.0 = Release|Any CPU
	EndGlobalSection
	GlobalSection(SolutionProperties) = preSolution
		HideSolutionNode = FALSE
	EndGlobalSection
	GlobalSection(ExtensibilityGlobals) = postSolution
		SolutionGuid = {E7F8B0AB-318F-42E0-A486-E31E995542AC}
	EndGlobalSection
EndGlobal
