
Microsoft Visual Studio Solution File, Format Version 12.00
# Visual Studio 15
VisualStudioVersion = 15.0.26730.16
MinimumVisualStudioVersion = 10.0.40219.1
Project("{FAE04EC0-301F-11D3-BF4B-00C04F79EFBC}") = "E00. Example", "ConsoleApp1\E00. Example.csproj", "{097FC6BB-F0A1-45B8-B045-7F763D26B7B4}"
EndProject
Project("{FAE04EC0-301F-11D3-BF4B-00C04F79EFBC}") = "E00.Exhample02", "E00.Exhample02\E00.Exhample02.csproj", "{6314BB87-54D2-4C76-ADFA-DE4B62E0D779}"
EndProject
Project("{FAE04EC0-301F-11D3-BF4B-00C04F79EFBC}") = "E01. TryExam", "E01. TryExam\E01. TryExam.csproj", "{36DB414D-897E-4536-BC28-C88A5AC59B52}"
EndProject
Global
	GlobalSection(SolutionConfigurationPlatforms) = preSolution
		Debug|Any CPU = Debug|Any CPU
		Release|Any CPU = Release|Any CPU
	EndGlobalSection
	GlobalSection(ProjectConfigurationPlatforms) = postSolution
		{097FC6BB-F0A1-45B8-B045-7F763D26B7B4}.Debug|Any CPU.ActiveCfg = Debug|Any CPU
		{097FC6BB-F0A1-45B8-B045-7F763D26B7B4}.Debug|Any CPU.Build.0 = Debug|Any CPU
		{097FC6BB-F0A1-45B8-B045-7F763D26B7B4}.Release|Any CPU.ActiveCfg = Release|Any CPU
		{097FC6BB-F0A1-45B8-B045-7F763D26B7B4}.Release|Any CPU.Build.0 = Release|Any CPU
		{6314BB87-54D2-4C76-ADFA-DE4B62E0D779}.Debug|Any CPU.ActiveCfg = Debug|Any CPU
		{6314BB87-54D2-4C76-ADFA-DE4B62E0D779}.Debug|Any CPU.Build.0 = Debug|Any CPU
		{6314BB87-54D2-4C76-ADFA-DE4B62E0D779}.Release|Any CPU.ActiveCfg = Release|Any CPU
		{6314BB87-54D2-4C76-ADFA-DE4B62E0D779}.Release|Any CPU.Build.0 = Release|Any CPU
		{36DB414D-897E-4536-BC28-C88A5AC59B52}.Debug|Any CPU.ActiveCfg = Debug|Any CPU
		{36DB414D-897E-4536-BC28-C88A5AC59B52}.Debug|Any CPU.Build.0 = Debug|Any CPU
		{36DB414D-897E-4536-BC28-C88A5AC59B52}.Release|Any CPU.ActiveCfg = Release|Any CPU
		{36DB414D-897E-4536-BC28-C88A5AC59B52}.Release|Any CPU.Build.0 = Release|Any CPU
	EndGlobalSection
	GlobalSection(SolutionProperties) = preSolution
		HideSolutionNode = FALSE
	EndGlobalSection
	GlobalSection(ExtensibilityGlobals) = postSolution
		SolutionGuid = {6E9578FB-E138-4A16-939E-8ECF230C6DFE}
	EndGlobalSection
EndGlobal
