
Microsoft Visual Studio Solution File, Format Version 12.00
# Visual Studio 15
VisualStudioVersion = 15.0.26730.16
MinimumVisualStudioVersion = 10.0.40219.1
Project("{FAE04EC0-301F-11D3-BF4B-00C04F79EFBC}") = "P01.ConvertFromBas10ToBaseN", "P01.ConvertFromBas10ToBaseN\P01.ConvertFromBas10ToBaseN.csproj", "{7F065448-9252-4A59-B22B-F8C28A545E5D}"
EndProject
Project("{FAE04EC0-301F-11D3-BF4B-00C04F79EFBC}") = "P02.ConvertFromBaseNToBase10", "ConsoleApp1\P02.ConvertFromBaseNToBase10.csproj", "{90EEA89D-7D3C-48D3-A4EF-397B5C95E6E4}"
EndProject
Project("{FAE04EC0-301F-11D3-BF4B-00C04F79EFBC}") = "P03.UnicodeCharacters", "P03.UnicodeCharacters\P03.UnicodeCharacters.csproj", "{58D0453C-E905-4B34-93E5-992802F7390C}"
EndProject
Project("{FAE04EC0-301F-11D3-BF4B-00C04F79EFBC}") = "P04.CharacterMultiplier", "P04.CharacterMultiplier\P04.CharacterMultiplier.csproj", "{D906FF9B-3D4E-48E8-BB6E-D6C3802BFF59}"
EndProject
Project("{FAE04EC0-301F-11D3-BF4B-00C04F79EFBC}") = "P05.MagicExchangeableWords", "P05.MagicExchangeableWords\P05.MagicExchangeableWords.csproj", "{9480CBDE-9ED7-424C-8CE2-9729A7AC4A66}"
EndProject
Project("{FAE04EC0-301F-11D3-BF4B-00C04F79EFBC}") = "P06.SumBigNumbers", "P06.SumBigNumbers\P06.SumBigNumbers.csproj", "{C5FF658A-9872-4198-97EB-ECB499676EE7}"
EndProject
Project("{FAE04EC0-301F-11D3-BF4B-00C04F79EFBC}") = "P07.MultiplyBigNumber", "P07.MultiplyBigNumber\P07.MultiplyBigNumber.csproj", "{D0809F58-E123-4766-B8C8-C1A198F133DC}"
EndProject
Project("{FAE04EC0-301F-11D3-BF4B-00C04F79EFBC}") = "P08.LettersChangeNumbers", "P08.LettersChangeNumbers\P08.LettersChangeNumbers.csproj", "{1308DB03-9A36-41F2-8383-5FA8601ED9A5}"
EndProject
Project("{FAE04EC0-301F-11D3-BF4B-00C04F79EFBC}") = "P09.MelrahShake", "P09.MelrahShake\P09.MelrahShake.csproj", "{D5D892C4-859A-451F-A055-3A8850BF39F9}"
EndProject
Global
	GlobalSection(SolutionConfigurationPlatforms) = preSolution
		Debug|Any CPU = Debug|Any CPU
		Release|Any CPU = Release|Any CPU
	EndGlobalSection
	GlobalSection(ProjectConfigurationPlatforms) = postSolution
		{7F065448-9252-4A59-B22B-F8C28A545E5D}.Debug|Any CPU.ActiveCfg = Debug|Any CPU
		{7F065448-9252-4A59-B22B-F8C28A545E5D}.Debug|Any CPU.Build.0 = Debug|Any CPU
		{7F065448-9252-4A59-B22B-F8C28A545E5D}.Release|Any CPU.ActiveCfg = Release|Any CPU
		{7F065448-9252-4A59-B22B-F8C28A545E5D}.Release|Any CPU.Build.0 = Release|Any CPU
		{90EEA89D-7D3C-48D3-A4EF-397B5C95E6E4}.Debug|Any CPU.ActiveCfg = Debug|Any CPU
		{90EEA89D-7D3C-48D3-A4EF-397B5C95E6E4}.Debug|Any CPU.Build.0 = Debug|Any CPU
		{90EEA89D-7D3C-48D3-A4EF-397B5C95E6E4}.Release|Any CPU.ActiveCfg = Release|Any CPU
		{90EEA89D-7D3C-48D3-A4EF-397B5C95E6E4}.Release|Any CPU.Build.0 = Release|Any CPU
		{58D0453C-E905-4B34-93E5-992802F7390C}.Debug|Any CPU.ActiveCfg = Debug|Any CPU
		{58D0453C-E905-4B34-93E5-992802F7390C}.Debug|Any CPU.Build.0 = Debug|Any CPU
		{58D0453C-E905-4B34-93E5-992802F7390C}.Release|Any CPU.ActiveCfg = Release|Any CPU
		{58D0453C-E905-4B34-93E5-992802F7390C}.Release|Any CPU.Build.0 = Release|Any CPU
		{D906FF9B-3D4E-48E8-BB6E-D6C3802BFF59}.Debug|Any CPU.ActiveCfg = Debug|Any CPU
		{D906FF9B-3D4E-48E8-BB6E-D6C3802BFF59}.Debug|Any CPU.Build.0 = Debug|Any CPU
		{D906FF9B-3D4E-48E8-BB6E-D6C3802BFF59}.Release|Any CPU.ActiveCfg = Release|Any CPU
		{D906FF9B-3D4E-48E8-BB6E-D6C3802BFF59}.Release|Any CPU.Build.0 = Release|Any CPU
		{9480CBDE-9ED7-424C-8CE2-9729A7AC4A66}.Debug|Any CPU.ActiveCfg = Debug|Any CPU
		{9480CBDE-9ED7-424C-8CE2-9729A7AC4A66}.Debug|Any CPU.Build.0 = Debug|Any CPU
		{9480CBDE-9ED7-424C-8CE2-9729A7AC4A66}.Release|Any CPU.ActiveCfg = Release|Any CPU
		{9480CBDE-9ED7-424C-8CE2-9729A7AC4A66}.Release|Any CPU.Build.0 = Release|Any CPU
		{C5FF658A-9872-4198-97EB-ECB499676EE7}.Debug|Any CPU.ActiveCfg = Debug|Any CPU
		{C5FF658A-9872-4198-97EB-ECB499676EE7}.Debug|Any CPU.Build.0 = Debug|Any CPU
		{C5FF658A-9872-4198-97EB-ECB499676EE7}.Release|Any CPU.ActiveCfg = Release|Any CPU
		{C5FF658A-9872-4198-97EB-ECB499676EE7}.Release|Any CPU.Build.0 = Release|Any CPU
		{D0809F58-E123-4766-B8C8-C1A198F133DC}.Debug|Any CPU.ActiveCfg = Debug|Any CPU
		{D0809F58-E123-4766-B8C8-C1A198F133DC}.Debug|Any CPU.Build.0 = Debug|Any CPU
		{D0809F58-E123-4766-B8C8-C1A198F133DC}.Release|Any CPU.ActiveCfg = Release|Any CPU
		{D0809F58-E123-4766-B8C8-C1A198F133DC}.Release|Any CPU.Build.0 = Release|Any CPU
		{1308DB03-9A36-41F2-8383-5FA8601ED9A5}.Debug|Any CPU.ActiveCfg = Debug|Any CPU
		{1308DB03-9A36-41F2-8383-5FA8601ED9A5}.Debug|Any CPU.Build.0 = Debug|Any CPU
		{1308DB03-9A36-41F2-8383-5FA8601ED9A5}.Release|Any CPU.ActiveCfg = Release|Any CPU
		{1308DB03-9A36-41F2-8383-5FA8601ED9A5}.Release|Any CPU.Build.0 = Release|Any CPU
		{D5D892C4-859A-451F-A055-3A8850BF39F9}.Debug|Any CPU.ActiveCfg = Debug|Any CPU
		{D5D892C4-859A-451F-A055-3A8850BF39F9}.Debug|Any CPU.Build.0 = Debug|Any CPU
		{D5D892C4-859A-451F-A055-3A8850BF39F9}.Release|Any CPU.ActiveCfg = Release|Any CPU
		{D5D892C4-859A-451F-A055-3A8850BF39F9}.Release|Any CPU.Build.0 = Release|Any CPU
	EndGlobalSection
	GlobalSection(SolutionProperties) = preSolution
		HideSolutionNode = FALSE
	EndGlobalSection
	GlobalSection(ExtensibilityGlobals) = postSolution
		SolutionGuid = {E14B473D-877D-4A7B-835F-DBE8DF3813F5}
	EndGlobalSection
EndGlobal
