
Microsoft Visual Studio Solution File, Format Version 12.00
# Visual Studio 15
VisualStudioVersion = 15.0.26730.16
MinimumVisualStudioVersion = 10.0.40219.1
Project("{FAE04EC0-301F-11D3-BF4B-00C04F79EFBC}") = "P01.SoftUniCoffeeOrders", "P01.SoftUniCoffeeOrders\P01.SoftUniCoffeeOrders.csproj", "{A78DE92B-DAE8-4FCC-8140-66DB2E8BA3D9}"
EndProject
Project("{FAE04EC0-301F-11D3-BF4B-00C04F79EFBC}") = "P02.CommandInterpreter", "P02.CommandInterpreter\P02.CommandInterpreter.csproj", "{4BB15833-100A-47DD-916F-0E8ADEEA3DC3}"
EndProject
Project("{FAE04EC0-301F-11D3-BF4B-00C04F79EFBC}") = "P03.RageQuitVar1", "P03.RageQuit\P03.RageQuitVar1.csproj", "{BA0F8C7B-1BFB-402F-BFB5-138CA11BA9C2}"
EndProject
Project("{FAE04EC0-301F-11D3-BF4B-00C04F79EFBC}") = "P04.Files", "P04.Files\P04.Files.csproj", "{BFB0AC3F-31DC-4E99-A1C1-87943A7C5021}"
EndProject
Project("{FAE04EC0-301F-11D3-BF4B-00C04F79EFBC}") = "P03.RageQuitVar2", "P03.RageQuitVar2\P03.RageQuitVar2.csproj", "{F0315167-14D5-4B48-8A63-E123BD0F43AD}"
EndProject
Global
	GlobalSection(SolutionConfigurationPlatforms) = preSolution
		Debug|Any CPU = Debug|Any CPU
		Release|Any CPU = Release|Any CPU
	EndGlobalSection
	GlobalSection(ProjectConfigurationPlatforms) = postSolution
		{A78DE92B-DAE8-4FCC-8140-66DB2E8BA3D9}.Debug|Any CPU.ActiveCfg = Debug|Any CPU
		{A78DE92B-DAE8-4FCC-8140-66DB2E8BA3D9}.Debug|Any CPU.Build.0 = Debug|Any CPU
		{A78DE92B-DAE8-4FCC-8140-66DB2E8BA3D9}.Release|Any CPU.ActiveCfg = Release|Any CPU
		{A78DE92B-DAE8-4FCC-8140-66DB2E8BA3D9}.Release|Any CPU.Build.0 = Release|Any CPU
		{4BB15833-100A-47DD-916F-0E8ADEEA3DC3}.Debug|Any CPU.ActiveCfg = Debug|Any CPU
		{4BB15833-100A-47DD-916F-0E8ADEEA3DC3}.Debug|Any CPU.Build.0 = Debug|Any CPU
		{4BB15833-100A-47DD-916F-0E8ADEEA3DC3}.Release|Any CPU.ActiveCfg = Release|Any CPU
		{4BB15833-100A-47DD-916F-0E8ADEEA3DC3}.Release|Any CPU.Build.0 = Release|Any CPU
		{BA0F8C7B-1BFB-402F-BFB5-138CA11BA9C2}.Debug|Any CPU.ActiveCfg = Debug|Any CPU
		{BA0F8C7B-1BFB-402F-BFB5-138CA11BA9C2}.Debug|Any CPU.Build.0 = Debug|Any CPU
		{BA0F8C7B-1BFB-402F-BFB5-138CA11BA9C2}.Release|Any CPU.ActiveCfg = Release|Any CPU
		{BA0F8C7B-1BFB-402F-BFB5-138CA11BA9C2}.Release|Any CPU.Build.0 = Release|Any CPU
		{BFB0AC3F-31DC-4E99-A1C1-87943A7C5021}.Debug|Any CPU.ActiveCfg = Debug|Any CPU
		{BFB0AC3F-31DC-4E99-A1C1-87943A7C5021}.Debug|Any CPU.Build.0 = Debug|Any CPU
		{BFB0AC3F-31DC-4E99-A1C1-87943A7C5021}.Release|Any CPU.ActiveCfg = Release|Any CPU
		{BFB0AC3F-31DC-4E99-A1C1-87943A7C5021}.Release|Any CPU.Build.0 = Release|Any CPU
		{F0315167-14D5-4B48-8A63-E123BD0F43AD}.Debug|Any CPU.ActiveCfg = Debug|Any CPU
		{F0315167-14D5-4B48-8A63-E123BD0F43AD}.Debug|Any CPU.Build.0 = Debug|Any CPU
		{F0315167-14D5-4B48-8A63-E123BD0F43AD}.Release|Any CPU.ActiveCfg = Release|Any CPU
		{F0315167-14D5-4B48-8A63-E123BD0F43AD}.Release|Any CPU.Build.0 = Release|Any CPU
	EndGlobalSection
	GlobalSection(SolutionProperties) = preSolution
		HideSolutionNode = FALSE
	EndGlobalSection
	GlobalSection(ExtensibilityGlobals) = postSolution
		SolutionGuid = {A4CC7863-79C5-491E-B942-711E1F0C354C}
	EndGlobalSection
EndGlobal
