
Microsoft Visual Studio Solution File, Format Version 12.00
# Visual Studio 15
VisualStudioVersion = 15.0.26730.16
MinimumVisualStudioVersion = 10.0.40219.1
Project("{FAE04EC0-301F-11D3-BF4B-00C04F79EFBC}") = "P00.Examples01", "E00.Examples01\P00.Examples01.csproj", "{397E362C-95CD-4A2D-8FF5-FC2FC4F8A99C}"
EndProject
Project("{FAE04EC0-301F-11D3-BF4B-00C04F79EFBC}") = "P01.ReverseString", "P01.ReverseString\P01.ReverseString.csproj", "{723FECFA-A14F-4B8F-9D0B-1388FEA5EFA6}"
EndProject
Global
	GlobalSection(SolutionConfigurationPlatforms) = preSolution
		Debug|Any CPU = Debug|Any CPU
		Release|Any CPU = Release|Any CPU
	EndGlobalSection
	GlobalSection(ProjectConfigurationPlatforms) = postSolution
		{397E362C-95CD-4A2D-8FF5-FC2FC4F8A99C}.Debug|Any CPU.ActiveCfg = Debug|Any CPU
		{397E362C-95CD-4A2D-8FF5-FC2FC4F8A99C}.Debug|Any CPU.Build.0 = Debug|Any CPU
		{397E362C-95CD-4A2D-8FF5-FC2FC4F8A99C}.Release|Any CPU.ActiveCfg = Release|Any CPU
		{397E362C-95CD-4A2D-8FF5-FC2FC4F8A99C}.Release|Any CPU.Build.0 = Release|Any CPU
		{723FECFA-A14F-4B8F-9D0B-1388FEA5EFA6}.Debug|Any CPU.ActiveCfg = Debug|Any CPU
		{723FECFA-A14F-4B8F-9D0B-1388FEA5EFA6}.Debug|Any CPU.Build.0 = Debug|Any CPU
		{723FECFA-A14F-4B8F-9D0B-1388FEA5EFA6}.Release|Any CPU.ActiveCfg = Release|Any CPU
		{723FECFA-A14F-4B8F-9D0B-1388FEA5EFA6}.Release|Any CPU.Build.0 = Release|Any CPU
	EndGlobalSection
	GlobalSection(SolutionProperties) = preSolution
		HideSolutionNode = FALSE
	EndGlobalSection
	GlobalSection(ExtensibilityGlobals) = postSolution
		SolutionGuid = {6BAF8129-7A26-40C8-89FF-C979F85A6A81}
	EndGlobalSection
EndGlobal
