
Microsoft Visual Studio Solution File, Format Version 12.00
# Visual Studio 15
VisualStudioVersion = 15.0.26730.16
MinimumVisualStudioVersion = 10.0.40219.1
Project("{FAE04EC0-301F-11D3-BF4B-00C04F79EFBC}") = "P01.Phonebook", "P01.Phonebook\P01.Phonebook.csproj", "{F85F5F13-4254-4051-A1A6-86FDBD435182}"
EndProject
Project("{FAE04EC0-301F-11D3-BF4B-00C04F79EFBC}") = "P02.PhonebookUpgrade", "P02.PhonebookUpgrade\P02.PhonebookUpgrade.csproj", "{2DA402C3-FEB6-4339-B02B-CE67FC464A4F}"
EndProject
Project("{FAE04EC0-301F-11D3-BF4B-00C04F79EFBC}") = "P03.AMinerTask", "P03.AMinerTask\P03.AMinerTask.csproj", "{B418FAA5-354B-4D61-AEDA-11BBCFAD5F2D}"
EndProject
Project("{FAE04EC0-301F-11D3-BF4B-00C04F79EFBC}") = "P05.HandsOfCards", "P05.HandsOfCards\P05.HandsOfCards.csproj", "{DF443312-AFC4-455D-B163-6811F45B498F}"
EndProject
Global
	GlobalSection(SolutionConfigurationPlatforms) = preSolution
		Debug|Any CPU = Debug|Any CPU
		Release|Any CPU = Release|Any CPU
	EndGlobalSection
	GlobalSection(ProjectConfigurationPlatforms) = postSolution
		{F85F5F13-4254-4051-A1A6-86FDBD435182}.Debug|Any CPU.ActiveCfg = Debug|Any CPU
		{F85F5F13-4254-4051-A1A6-86FDBD435182}.Debug|Any CPU.Build.0 = Debug|Any CPU
		{F85F5F13-4254-4051-A1A6-86FDBD435182}.Release|Any CPU.ActiveCfg = Release|Any CPU
		{F85F5F13-4254-4051-A1A6-86FDBD435182}.Release|Any CPU.Build.0 = Release|Any CPU
		{2DA402C3-FEB6-4339-B02B-CE67FC464A4F}.Debug|Any CPU.ActiveCfg = Debug|Any CPU
		{2DA402C3-FEB6-4339-B02B-CE67FC464A4F}.Debug|Any CPU.Build.0 = Debug|Any CPU
		{2DA402C3-FEB6-4339-B02B-CE67FC464A4F}.Release|Any CPU.ActiveCfg = Release|Any CPU
		{2DA402C3-FEB6-4339-B02B-CE67FC464A4F}.Release|Any CPU.Build.0 = Release|Any CPU
		{B418FAA5-354B-4D61-AEDA-11BBCFAD5F2D}.Debug|Any CPU.ActiveCfg = Debug|Any CPU
		{B418FAA5-354B-4D61-AEDA-11BBCFAD5F2D}.Debug|Any CPU.Build.0 = Debug|Any CPU
		{B418FAA5-354B-4D61-AEDA-11BBCFAD5F2D}.Release|Any CPU.ActiveCfg = Release|Any CPU
		{B418FAA5-354B-4D61-AEDA-11BBCFAD5F2D}.Release|Any CPU.Build.0 = Release|Any CPU
		{DF443312-AFC4-455D-B163-6811F45B498F}.Debug|Any CPU.ActiveCfg = Debug|Any CPU
		{DF443312-AFC4-455D-B163-6811F45B498F}.Debug|Any CPU.Build.0 = Debug|Any CPU
		{DF443312-AFC4-455D-B163-6811F45B498F}.Release|Any CPU.ActiveCfg = Release|Any CPU
		{DF443312-AFC4-455D-B163-6811F45B498F}.Release|Any CPU.Build.0 = Release|Any CPU
	EndGlobalSection
	GlobalSection(SolutionProperties) = preSolution
		HideSolutionNode = FALSE
	EndGlobalSection
	GlobalSection(ExtensibilityGlobals) = postSolution
		SolutionGuid = {C5AB081E-2B9E-4DBB-8C4D-20845B0D18C8}
	EndGlobalSection
EndGlobal
