
Microsoft Visual Studio Solution File, Format Version 12.00
# Visual Studio 15
VisualStudioVersion = 15.0.26730.16
MinimumVisualStudioVersion = 10.0.40219.1
Project("{FAE04EC0-301F-11D3-BF4B-00C04F79EFBC}") = "P01.Phonebook", "P01.Phonebook\P01.Phonebook.csproj", "{F85F5F13-4254-4051-A1A6-86FDBD435182}"
EndProject
Project("{FAE04EC0-301F-11D3-BF4B-00C04F79EFBC}") = "P02.PhonebookUpgrade", "P02.PhonebookUpgrade\P02.PhonebookUpgrade.csproj", "{2DA402C3-FEB6-4339-B02B-CE67FC464A4F}"
EndProject
Project("{FAE04EC0-301F-11D3-BF4B-00C04F79EFBC}") = "P03.AMinerTask", "P03.AMinerTask\P03.AMinerTask.csproj", "{B418FAA5-354B-4D61-AEDA-11BBCFAD5F2D}"
EndProject
Project("{FAE04EC0-301F-11D3-BF4B-00C04F79EFBC}") = "P05.HandsOfCards", "P05.HandsOfCards\P05.HandsOfCards.csproj", "{DF443312-AFC4-455D-B163-6811F45B498F}"
EndProject
Project("{FAE04EC0-301F-11D3-BF4B-00C04F79EFBC}") = "P04.FixEmails", "P04.FixEmails\P04.FixEmails.csproj", "{E8244C63-A613-4006-BEE1-A0D5BC719F76}"
EndProject
Project("{FAE04EC0-301F-11D3-BF4B-00C04F79EFBC}") = "P06.UserLogs", "P06.UserLogs\P06.UserLogs.csproj", "{970ED819-3327-4BB2-A6BE-E47499E93D38}"
EndProject
Project("{FAE04EC0-301F-11D3-BF4B-00C04F79EFBC}") = "P07.PopulationCounter", "P07.PopulationCounter\P07.PopulationCounter.csproj", "{90308CF8-3F94-4E68-8833-706EC99EBDDE}"
EndProject
Project("{FAE04EC0-301F-11D3-BF4B-00C04F79EFBC}") = "P08.LogsAggregator", "P08.LogsAggregator\P08.LogsAggregator.csproj", "{C14CCC4D-4A2D-4D07-B4D0-531933F49EFF}"
EndProject
Project("{FAE04EC0-301F-11D3-BF4B-00C04F79EFBC}") = "P09.LegendaryFarming", "P09.LegendaryFarming\P09.LegendaryFarming.csproj", "{B6058B5B-DE6F-4EF0-B197-A0CC851DFAF6}"
EndProject
Project("{FAE04EC0-301F-11D3-BF4B-00C04F79EFBC}") = "P10.СръбскоUnleashed", "P10.СръбскоUnleashed\P10.СръбскоUnleashed.csproj", "{7C25DA95-7EB4-45BC-8FD5-1255705A7B22}"
EndProject
Project("{FAE04EC0-301F-11D3-BF4B-00C04F79EFBC}") = "P11.DragonArmy", "P11.DragonArmy\P11.DragonArmy.csproj", "{22F25347-86EC-419C-AF7F-3A32ABD425BA}"
EndProject
Global
	GlobalSection(SolutionConfigurationPlatforms) = preSolution
		Debug|Any CPU = Debug|Any CPU
		Release|Any CPU = Release|Any CPU
	EndGlobalSection
	GlobalSection(ProjectConfigurationPlatforms) = postSolution
		{F85F5F13-4254-4051-A1A6-86FDBD435182}.Debug|Any CPU.ActiveCfg = Debug|Any CPU
		{F85F5F13-4254-4051-A1A6-86FDBD435182}.Debug|Any CPU.Build.0 = Debug|Any CPU
		{F85F5F13-4254-4051-A1A6-86FDBD435182}.Release|Any CPU.ActiveCfg = Release|Any CPU
		{F85F5F13-4254-4051-A1A6-86FDBD435182}.Release|Any CPU.Build.0 = Release|Any CPU
		{2DA402C3-FEB6-4339-B02B-CE67FC464A4F}.Debug|Any CPU.ActiveCfg = Debug|Any CPU
		{2DA402C3-FEB6-4339-B02B-CE67FC464A4F}.Debug|Any CPU.Build.0 = Debug|Any CPU
		{2DA402C3-FEB6-4339-B02B-CE67FC464A4F}.Release|Any CPU.ActiveCfg = Release|Any CPU
		{2DA402C3-FEB6-4339-B02B-CE67FC464A4F}.Release|Any CPU.Build.0 = Release|Any CPU
		{B418FAA5-354B-4D61-AEDA-11BBCFAD5F2D}.Debug|Any CPU.ActiveCfg = Debug|Any CPU
		{B418FAA5-354B-4D61-AEDA-11BBCFAD5F2D}.Debug|Any CPU.Build.0 = Debug|Any CPU
		{B418FAA5-354B-4D61-AEDA-11BBCFAD5F2D}.Release|Any CPU.ActiveCfg = Release|Any CPU
		{B418FAA5-354B-4D61-AEDA-11BBCFAD5F2D}.Release|Any CPU.Build.0 = Release|Any CPU
		{DF443312-AFC4-455D-B163-6811F45B498F}.Debug|Any CPU.ActiveCfg = Debug|Any CPU
		{DF443312-AFC4-455D-B163-6811F45B498F}.Debug|Any CPU.Build.0 = Debug|Any CPU
		{DF443312-AFC4-455D-B163-6811F45B498F}.Release|Any CPU.ActiveCfg = Release|Any CPU
		{DF443312-AFC4-455D-B163-6811F45B498F}.Release|Any CPU.Build.0 = Release|Any CPU
		{E8244C63-A613-4006-BEE1-A0D5BC719F76}.Debug|Any CPU.ActiveCfg = Debug|Any CPU
		{E8244C63-A613-4006-BEE1-A0D5BC719F76}.Debug|Any CPU.Build.0 = Debug|Any CPU
		{E8244C63-A613-4006-BEE1-A0D5BC719F76}.Release|Any CPU.ActiveCfg = Release|Any CPU
		{E8244C63-A613-4006-BEE1-A0D5BC719F76}.Release|Any CPU.Build.0 = Release|Any CPU
		{970ED819-3327-4BB2-A6BE-E47499E93D38}.Debug|Any CPU.ActiveCfg = Debug|Any CPU
		{970ED819-3327-4BB2-A6BE-E47499E93D38}.Debug|Any CPU.Build.0 = Debug|Any CPU
		{970ED819-3327-4BB2-A6BE-E47499E93D38}.Release|Any CPU.ActiveCfg = Release|Any CPU
		{970ED819-3327-4BB2-A6BE-E47499E93D38}.Release|Any CPU.Build.0 = Release|Any CPU
		{90308CF8-3F94-4E68-8833-706EC99EBDDE}.Debug|Any CPU.ActiveCfg = Debug|Any CPU
		{90308CF8-3F94-4E68-8833-706EC99EBDDE}.Debug|Any CPU.Build.0 = Debug|Any CPU
		{90308CF8-3F94-4E68-8833-706EC99EBDDE}.Release|Any CPU.ActiveCfg = Release|Any CPU
		{90308CF8-3F94-4E68-8833-706EC99EBDDE}.Release|Any CPU.Build.0 = Release|Any CPU
		{C14CCC4D-4A2D-4D07-B4D0-531933F49EFF}.Debug|Any CPU.ActiveCfg = Debug|Any CPU
		{C14CCC4D-4A2D-4D07-B4D0-531933F49EFF}.Debug|Any CPU.Build.0 = Debug|Any CPU
		{C14CCC4D-4A2D-4D07-B4D0-531933F49EFF}.Release|Any CPU.ActiveCfg = Release|Any CPU
		{C14CCC4D-4A2D-4D07-B4D0-531933F49EFF}.Release|Any CPU.Build.0 = Release|Any CPU
		{B6058B5B-DE6F-4EF0-B197-A0CC851DFAF6}.Debug|Any CPU.ActiveCfg = Debug|Any CPU
		{B6058B5B-DE6F-4EF0-B197-A0CC851DFAF6}.Debug|Any CPU.Build.0 = Debug|Any CPU
		{B6058B5B-DE6F-4EF0-B197-A0CC851DFAF6}.Release|Any CPU.ActiveCfg = Release|Any CPU
		{B6058B5B-DE6F-4EF0-B197-A0CC851DFAF6}.Release|Any CPU.Build.0 = Release|Any CPU
		{7C25DA95-7EB4-45BC-8FD5-1255705A7B22}.Debug|Any CPU.ActiveCfg = Debug|Any CPU
		{7C25DA95-7EB4-45BC-8FD5-1255705A7B22}.Debug|Any CPU.Build.0 = Debug|Any CPU
		{7C25DA95-7EB4-45BC-8FD5-1255705A7B22}.Release|Any CPU.ActiveCfg = Release|Any CPU
		{7C25DA95-7EB4-45BC-8FD5-1255705A7B22}.Release|Any CPU.Build.0 = Release|Any CPU
		{22F25347-86EC-419C-AF7F-3A32ABD425BA}.Debug|Any CPU.ActiveCfg = Debug|Any CPU
		{22F25347-86EC-419C-AF7F-3A32ABD425BA}.Debug|Any CPU.Build.0 = Debug|Any CPU
		{22F25347-86EC-419C-AF7F-3A32ABD425BA}.Release|Any CPU.ActiveCfg = Release|Any CPU
		{22F25347-86EC-419C-AF7F-3A32ABD425BA}.Release|Any CPU.Build.0 = Release|Any CPU
	EndGlobalSection
	GlobalSection(SolutionProperties) = preSolution
		HideSolutionNode = FALSE
	EndGlobalSection
	GlobalSection(ExtensibilityGlobals) = postSolution
		SolutionGuid = {C5AB081E-2B9E-4DBB-8C4D-20845B0D18C8}
	EndGlobalSection
EndGlobal
